
Microsoft Visual Studio Solution File, Format Version 12.00
# Visual Studio 15
VisualStudioVersion = 15.0.28307.902
MinimumVisualStudioVersion = 10.0.40219.1
Project("{FAE04EC0-301F-11D3-BF4B-00C04F79EFBC}") = "MonitorWindowsService.WS", "MonitorWindowsService.WS\MonitorWindowsService.WS.csproj", "{69F18833-DB06-4F59-9B5F-1A437F7AD4CB}"
EndProject
Global
	GlobalSection(SolutionConfigurationPlatforms) = preSolution
		Debug|Any CPU = Debug|Any CPU
		Release|Any CPU = Release|Any CPU
	EndGlobalSection
	GlobalSection(ProjectConfigurationPlatforms) = postSolution
		{69F18833-DB06-4F59-9B5F-1A437F7AD4CB}.Debug|Any CPU.ActiveCfg = Debug|Any CPU
		{69F18833-DB06-4F59-9B5F-1A437F7AD4CB}.Debug|Any CPU.Build.0 = Debug|Any CPU
		{69F18833-DB06-4F59-9B5F-1A437F7AD4CB}.Release|Any CPU.ActiveCfg = Release|Any CPU
		{69F18833-DB06-4F59-9B5F-1A437F7AD4CB}.Release|Any CPU.Build.0 = Release|Any CPU
	EndGlobalSection
	GlobalSection(SolutionProperties) = preSolution
		HideSolutionNode = FALSE
	EndGlobalSection
	GlobalSection(ExtensibilityGlobals) = postSolution
		SolutionGuid = {16659AAC-AD0B-4738-971C-74AF33FE2DED}
	EndGlobalSection
EndGlobal
